
Microsoft Visual Studio Solution File, Format Version 12.00
# Visual Studio Version 17
VisualStudioVersion = 17.1.32328.378
MinimumVisualStudioVersion = 10.0.40219.1
Project("{FAE04EC0-301F-11D3-BF4B-00C04F79EFBC}") = "StringProgressBar", "StringProgressBar\StringProgressBar.csproj", "{1FB7B989-EAD1-4C62-B0AE-10012FB3FED6}"
EndProject
Project("{FAE04EC0-301F-11D3-BF4B-00C04F79EFBC}") = "StringProgressBar.Tests", "StringProgressBar.Tests\StringProgressBar.Tests.csproj", "{C270D594-6087-4419-B6A3-A594F602A322}"
EndProject
Global
	GlobalSection(SolutionConfigurationPlatforms) = preSolution
		Debug|Any CPU = Debug|Any CPU
		Release|Any CPU = Release|Any CPU
	EndGlobalSection
	GlobalSection(ProjectConfigurationPlatforms) = postSolution
		{1FB7B989-EAD1-4C62-B0AE-10012FB3FED6}.Debug|Any CPU.ActiveCfg = Debug|Any CPU
		{1FB7B989-EAD1-4C62-B0AE-10012FB3FED6}.Debug|Any CPU.Build.0 = Debug|Any CPU
		{1FB7B989-EAD1-4C62-B0AE-10012FB3FED6}.Release|Any CPU.ActiveCfg = Release|Any CPU
		{1FB7B989-EAD1-4C62-B0AE-10012FB3FED6}.Release|Any CPU.Build.0 = Release|Any CPU
		{C270D594-6087-4419-B6A3-A594F602A322}.Debug|Any CPU.ActiveCfg = Debug|Any CPU
		{C270D594-6087-4419-B6A3-A594F602A322}.Debug|Any CPU.Build.0 = Debug|Any CPU
		{C270D594-6087-4419-B6A3-A594F602A322}.Release|Any CPU.ActiveCfg = Release|Any CPU
		{C270D594-6087-4419-B6A3-A594F602A322}.Release|Any CPU.Build.0 = Release|Any CPU
	EndGlobalSection
	GlobalSection(SolutionProperties) = preSolution
		HideSolutionNode = FALSE
	EndGlobalSection
	GlobalSection(ExtensibilityGlobals) = postSolution
		SolutionGuid = {E678D36B-7733-47BF-AAE3-E0E48DF09309}
	EndGlobalSection
EndGlobal
